// !$*UTF8*$!
{
	archiveVersion = 1;
	classes = {
	};
	objectVersion = 46;
	objects = {

/* Begin PBXBuildFile section */
		38E00C3B1B3E9B8000B3245F /* AppDelegate.swift in Sources */ = {isa = PBXBuildFile; fileRef = 38E00C3A1B3E9B8000B3245F /* AppDelegate.swift */; };
		38E00C3D1B3E9B8000B3245F /* CreateMemeViewController.swift in Sources */ = {isa = PBXBuildFile; fileRef = 38E00C3C1B3E9B8000B3245F /* CreateMemeViewController.swift */; };
		38E00C401B3E9B8000B3245F /* Main.storyboard in Resources */ = {isa = PBXBuildFile; fileRef = 38E00C3E1B3E9B8000B3245F /* Main.storyboard */; };
		38E00C421B3E9B8000B3245F /* Images.xcassets in Resources */ = {isa = PBXBuildFile; fileRef = 38E00C411B3E9B8000B3245F /* Images.xcassets */; };
		38E00C451B3E9B8000B3245F /* LaunchScreen.xib in Resources */ = {isa = PBXBuildFile; fileRef = 38E00C431B3E9B8000B3245F /* LaunchScreen.xib */; };
		38E00C511B3E9B8000B3245F /* MemeMe3Tests.swift in Sources */ = {isa = PBXBuildFile; fileRef = 38E00C501B3E9B8000B3245F /* MemeMe3Tests.swift */; };
		38E00C5B1B4814EE00B3245F /* Meme.swift in Sources */ = {isa = PBXBuildFile; fileRef = 38E00C5A1B4814EE00B3245F /* Meme.swift */; };
		38E00C5F1B49830500B3245F /* MemeMeTextFieldDelegate.swift in Sources */ = {isa = PBXBuildFile; fileRef = 38E00C5E1B49830500B3245F /* MemeMeTextFieldDelegate.swift */; };
		4C05D15F1B601E24009D1620 /* MemeCollectionViewCell.swift in Sources */ = {isa = PBXBuildFile; fileRef = 4C05D15E1B601E24009D1620 /* MemeCollectionViewCell.swift */; };
		4C2C2CA21B5A804E00337FA3 /* MemeTableViewController.swift in Sources */ = {isa = PBXBuildFile; fileRef = 4C2C2CA11B5A804E00337FA3 /* MemeTableViewController.swift */; };
		4C93D9F51B63D4CE00C16B73 /* MemeDetailViewController.swift in Sources */ = {isa = PBXBuildFile; fileRef = 4C93D9F41B63D4CE00C16B73 /* MemeDetailViewController.swift */; };
		4CFD8E9D1B5EC9D200104FDE /* MemeCollectionViewController.swift in Sources */ = {isa = PBXBuildFile; fileRef = 4CFD8E9C1B5EC9D200104FDE /* MemeCollectionViewController.swift */; };
/* End PBXBuildFile section */

/* Begin PBXContainerItemProxy section */
		38E00C4B1B3E9B8000B3245F /* PBXContainerItemProxy */ = {
			isa = PBXContainerItemProxy;
			containerPortal = 38E00C2D1B3E9B8000B3245F /* Project object */;
			proxyType = 1;
			remoteGlobalIDString = 38E00C341B3E9B8000B3245F;
			remoteInfo = MemeMe3;
		};
/* End PBXContainerItemProxy section */

/* Begin PBXFileReference section */
		38E00C351B3E9B8000B3245F /* MemeMe3.app */ = {isa = PBXFileReference; explicitFileType = wrapper.application; includeInIndex = 0; path = MemeMe3.app; sourceTree = BUILT_PRODUCTS_DIR; };
		38E00C391B3E9B8000B3245F /* Info.plist */ = {isa = PBXFileReference; lastKnownFileType = text.plist.xml; path = Info.plist; sourceTree = "<group>"; };
		38E00C3A1B3E9B8000B3245F /* AppDelegate.swift */ = {isa = PBXFileReference; lastKnownFileType = sourcecode.swift; path = AppDelegate.swift; sourceTree = "<group>"; };
		38E00C3C1B3E9B8000B3245F /* CreateMemeViewController.swift */ = {isa = PBXFileReference; lastKnownFileType = sourcecode.swift; path = CreateMemeViewController.swift; sourceTree = "<group>"; };
		38E00C3F1B3E9B8000B3245F /* Base */ = {isa = PBXFileReference; lastKnownFileType = file.storyboard; name = Base; path = Base.lproj/Main.storyboard; sourceTree = "<group>"; };
		38E00C411B3E9B8000B3245F /* Images.xcassets */ = {isa = PBXFileReference; lastKnownFileType = folder.assetcatalog; path = Images.xcassets; sourceTree = "<group>"; };
		38E00C441B3E9B8000B3245F /* Base */ = {isa = PBXFileReference; lastKnownFileType = file.xib; name = Base; path = Base.lproj/LaunchScreen.xib; sourceTree = "<group>"; };
		38E00C4A1B3E9B8000B3245F /* MemeMe3Tests.xctest */ = {isa = PBXFileReference; explicitFileType = wrapper.cfbundle; includeInIndex = 0; path = MemeMe3Tests.xctest; sourceTree = BUILT_PRODUCTS_DIR; };
		38E00C4F1B3E9B8000B3245F /* Info.plist */ = {isa = PBXFileReference; lastKnownFileType = text.plist.xml; path = Info.plist; sourceTree = "<group>"; };
		38E00C501B3E9B8000B3245F /* MemeMe3Tests.swift */ = {isa = PBXFileReference; lastKnownFileType = sourcecode.swift; path = MemeMe3Tests.swift; sourceTree = "<group>"; };
		38E00C5A1B4814EE00B3245F /* Meme.swift */ = {isa = PBXFileReference; fileEncoding = 4; lastKnownFileType = sourcecode.swift; path = Meme.swift; sourceTree = "<group>"; };
		38E00C5E1B49830500B3245F /* MemeMeTextFieldDelegate.swift */ = {isa = PBXFileReference; fileEncoding = 4; lastKnownFileType = sourcecode.swift; path = MemeMeTextFieldDelegate.swift; sourceTree = "<group>"; };
		4C05D15E1B601E24009D1620 /* MemeCollectionViewCell.swift */ = {isa = PBXFileReference; fileEncoding = 4; lastKnownFileType = sourcecode.swift; path = MemeCollectionViewCell.swift; sourceTree = "<group>"; };
		4C2C2CA11B5A804E00337FA3 /* MemeTableViewController.swift */ = {isa = PBXFileReference; fileEncoding = 4; lastKnownFileType = sourcecode.swift; path = MemeTableViewController.swift; sourceTree = "<group>"; };
		4C93D9F41B63D4CE00C16B73 /* MemeDetailViewController.swift */ = {isa = PBXFileReference; fileEncoding = 4; lastKnownFileType = sourcecode.swift; path = MemeDetailViewController.swift; sourceTree = "<group>"; };
		4CFD8E9C1B5EC9D200104FDE /* MemeCollectionViewController.swift */ = {isa = PBXFileReference; fileEncoding = 4; lastKnownFileType = sourcecode.swift; path = MemeCollectionViewController.swift; sourceTree = "<group>"; };
/* End PBXFileReference section */

/* Begin PBXFrameworksBuildPhase section */
		38E00C321B3E9B8000B3245F /* Frameworks */ = {
			isa = PBXFrameworksBuildPhase;
			buildActionMask = 2147483647;
			files = (
			);
			runOnlyForDeploymentPostprocessing = 0;
		};
		38E00C471B3E9B8000B3245F /* Frameworks */ = {
			isa = PBXFrameworksBuildPhase;
			buildActionMask = 2147483647;
			files = (
			);
			runOnlyForDeploymentPostprocessing = 0;
		};
/* End PBXFrameworksBuildPhase section */

/* Begin PBXGroup section */
		38E00C2C1B3E9B8000B3245F = {
			isa = PBXGroup;
			children = (
				38E00C371B3E9B8000B3245F /* MemeMe3 */,
				38E00C4D1B3E9B8000B3245F /* MemeMe3Tests */,
				38E00C361B3E9B8000B3245F /* Products */,
			);
			sourceTree = "<group>";
		};
		38E00C361B3E9B8000B3245F /* Products */ = {
			isa = PBXGroup;
			children = (
				38E00C351B3E9B8000B3245F /* MemeMe3.app */,
				38E00C4A1B3E9B8000B3245F /* MemeMe3Tests.xctest */,
			);
			name = Products;
			sourceTree = "<group>";
		};
		38E00C371B3E9B8000B3245F /* MemeMe3 */ = {
			isa = PBXGroup;
			children = (
				4CFD8E9C1B5EC9D200104FDE /* MemeCollectionViewController.swift */,
				4C05D15E1B601E24009D1620 /* MemeCollectionViewCell.swift */,
				38E00C3A1B3E9B8000B3245F /* AppDelegate.swift */,
				38E00C3C1B3E9B8000B3245F /* CreateMemeViewController.swift */,
				38E00C3E1B3E9B8000B3245F /* Main.storyboard */,
				4C93D9F41B63D4CE00C16B73 /* MemeDetailViewController.swift */,
				38E00C411B3E9B8000B3245F /* Images.xcassets */,
				38E00C431B3E9B8000B3245F /* LaunchScreen.xib */,
				38E00C381B3E9B8000B3245F /* Supporting Files */,
				38E00C5A1B4814EE00B3245F /* Meme.swift */,
				38E00C5E1B49830500B3245F /* MemeMeTextFieldDelegate.swift */,
				4C2C2CA11B5A804E00337FA3 /* MemeTableViewController.swift */,
			);
			path = MemeMe3;
			sourceTree = "<group>";
		};
		38E00C381B3E9B8000B3245F /* Supporting Files */ = {
			isa = PBXGroup;
			children = (
				38E00C391B3E9B8000B3245F /* Info.plist */,
			);
			name = "Supporting Files";
			sourceTree = "<group>";
		};
		38E00C4D1B3E9B8000B3245F /* MemeMe3Tests */ = {
			isa = PBXGroup;
			children = (
				38E00C501B3E9B8000B3245F /* MemeMe3Tests.swift */,
				38E00C4E1B3E9B8000B3245F /* Supporting Files */,
			);
			path = MemeMe3Tests;
			sourceTree = "<group>";
		};
		38E00C4E1B3E9B8000B3245F /* Supporting Files */ = {
			isa = PBXGroup;
			children = (
				38E00C4F1B3E9B8000B3245F /* Info.plist */,
			);
			name = "Supporting Files";
			sourceTree = "<group>";
		};
/* End PBXGroup section */

/* Begin PBXNativeTarget section */
		38E00C341B3E9B8000B3245F /* MemeMe3 */ = {
			isa = PBXNativeTarget;
			buildConfigurationList = 38E00C541B3E9B8000B3245F /* Build configuration list for PBXNativeTarget "MemeMe3" */;
			buildPhases = (
				38E00C311B3E9B8000B3245F /* Sources */,
				38E00C321B3E9B8000B3245F /* Frameworks */,
				38E00C331B3E9B8000B3245F /* Resources */,
			);
			buildRules = (
			);
			dependencies = (
			);
			name = MemeMe3;
			productName = MemeMe3;
			productReference = 38E00C351B3E9B8000B3245F /* MemeMe3.app */;
			productType = "com.apple.product-type.application";
		};
		38E00C491B3E9B8000B3245F /* MemeMe3Tests */ = {
			isa = PBXNativeTarget;
			buildConfigurationList = 38E00C571B3E9B8000B3245F /* Build configuration list for PBXNativeTarget "MemeMe3Tests" */;
			buildPhases = (
				38E00C461B3E9B8000B3245F /* Sources */,
				38E00C471B3E9B8000B3245F /* Frameworks */,
				38E00C481B3E9B8000B3245F /* Resources */,
			);
			buildRules = (
			);
			dependencies = (
				38E00C4C1B3E9B8000B3245F /* PBXTargetDependency */,
			);
			name = MemeMe3Tests;
			productName = MemeMe3Tests;
			productReference = 38E00C4A1B3E9B8000B3245F /* MemeMe3Tests.xctest */;
			productType = "com.apple.product-type.bundle.unit-test";
		};
/* End PBXNativeTarget section */

/* Begin PBXProject section */
		38E00C2D1B3E9B8000B3245F /* Project object */ = {
			isa = PBXProject;
			attributes = {
				LastUpgradeCheck = 0630;
				ORGANIZATIONNAME = jason;
				TargetAttributes = {
					38E00C341B3E9B8000B3245F = {
						CreatedOnToolsVersion = 6.3.2;
					};
					38E00C491B3E9B8000B3245F = {
						CreatedOnToolsVersion = 6.3.2;
						TestTargetID = 38E00C341B3E9B8000B3245F;
					};
				};
			};
			buildConfigurationList = 38E00C301B3E9B8000B3245F /* Build configuration list for PBXProject "MemeMe3" */;
			compatibilityVersion = "Xcode 3.2";
			developmentRegion = English;
			hasScannedForEncodings = 0;
			knownRegions = (
				en,
				Base,
			);
			mainGroup = 38E00C2C1B3E9B8000B3245F;
			productRefGroup = 38E00C361B3E9B8000B3245F /* Products */;
			projectDirPath = "";
			projectRoot = "";
			targets = (
				38E00C341B3E9B8000B3245F /* MemeMe3 */,
				38E00C491B3E9B8000B3245F /* MemeMe3Tests */,
			);
		};
/* End PBXProject section */

/* Begin PBXResourcesBuildPhase section */
		38E00C331B3E9B8000B3245F /* Resources */ = {
			isa = PBXResourcesBuildPhase;
			buildActionMask = 2147483647;
			files = (
				38E00C401B3E9B8000B3245F /* Main.storyboard in Resources */,
				38E00C451B3E9B8000B3245F /* LaunchScreen.xib in Resources */,
				38E00C421B3E9B8000B3245F /* Images.xcassets in Resources */,
			);
			runOnlyForDeploymentPostprocessing = 0;
		};
		38E00C481B3E9B8000B3245F /* Resources */ = {
			isa = PBXResourcesBuildPhase;
			buildActionMask = 2147483647;
			files = (
			);
			runOnlyForDeploymentPostprocessing = 0;
		};
/* End PBXResourcesBuildPhase section */

/* Begin PBXSourcesBuildPhase section */
		38E00C311B3E9B8000B3245F /* Sources */ = {
			isa = PBXSourcesBuildPhase;
			buildActionMask = 2147483647;
			files = (
				38E00C5B1B4814EE00B3245F /* Meme.swift in Sources */,
				38E00C3D1B3E9B8000B3245F /* CreateMemeViewController.swift in Sources */,
				38E00C3B1B3E9B8000B3245F /* AppDelegate.swift in Sources */,
				4C2C2CA21B5A804E00337FA3 /* MemeTableViewController.swift in Sources */,
				4C05D15F1B601E24009D1620 /* MemeCollectionViewCell.swift in Sources */,
				4CFD8E9D1B5EC9D200104FDE /* MemeCollectionViewController.swift in Sources */,
				38E00C5F1B49830500B3245F /* MemeMeTextFieldDelegate.swift in Sources */,
				4C93D9F51B63D4CE00C16B73 /* MemeDetailViewController.swift in Sources */,
			);
			runOnlyForDeploymentPostprocessing = 0;
		};
		38E00C461B3E9B8000B3245F /* Sources */ = {
			isa = PBXSourcesBuildPhase;
			buildActionMask = 2147483647;
			files = (
				38E00C511B3E9B8000B3245F /* MemeMe3Tests.swift in Sources */,
			);
			runOnlyForDeploymentPostprocessing = 0;
		};
/* End PBXSourcesBuildPhase section */

/* Begin PBXTargetDependency section */
		38E00C4C1B3E9B8000B3245F /* PBXTargetDependency */ = {
			isa = PBXTargetDependency;
			target = 38E00C341B3E9B8000B3245F /* MemeMe3 */;
			targetProxy = 38E00C4B1B3E9B8000B3245F /* PBXContainerItemProxy */;
		};
/* End PBXTargetDependency section */

/* Begin PBXVariantGroup section */
		38E00C3E1B3E9B8000B3245F /* Main.storyboard */ = {
			isa = PBXVariantGroup;
			children = (
				38E00C3F1B3E9B8000B3245F /* Base */,
			);
			name = Main.storyboard;
			sourceTree = "<group>";
		};
		38E00C431B3E9B8000B3245F /* LaunchScreen.xib */ = {
			isa = PBXVariantGroup;
			children = (
				38E00C441B3E9B8000B3245F /* Base */,
			);
			name = LaunchScreen.xib;
			sourceTree = "<group>";
		};
/* End PBXVariantGroup section */

/* Begin XCBuildConfiguration section */
		38E00C521B3E9B8000B3245F /* Debug */ = {
			isa = XCBuildConfiguration;
			buildSettings = {
				ALWAYS_SEARCH_USER_PATHS = NO;
				CLANG_CXX_LANGUAGE_STANDARD = "gnu++0x";
				CLANG_CXX_LIBRARY = "libc++";
				CLANG_ENABLE_MODULES = YES;
				CLANG_ENABLE_OBJC_ARC = YES;
				CLANG_WARN_BOOL_CONVERSION = YES;
				CLANG_WARN_CONSTANT_CONVERSION = YES;
				CLANG_WARN_DIRECT_OBJC_ISA_USAGE = YES_ERROR;
				CLANG_WARN_EMPTY_BODY = YES;
				CLANG_WARN_ENUM_CONVERSION = YES;
				CLANG_WARN_INT_CONVERSION = YES;
				CLANG_WARN_OBJC_ROOT_CLASS = YES_ERROR;
				CLANG_WARN_UNREACHABLE_CODE = YES;
				CLANG_WARN__DUPLICATE_METHOD_MATCH = YES;
				"CODE_SIGN_IDENTITY[sdk=iphoneos*]" = "iPhone Developer";
				COPY_PHASE_STRIP = NO;
				DEBUG_INFORMATION_FORMAT = "dwarf-with-dsym";
				ENABLE_STRICT_OBJC_MSGSEND = YES;
				GCC_C_LANGUAGE_STANDARD = gnu99;
				GCC_DYNAMIC_NO_PIC = NO;
				GCC_NO_COMMON_BLOCKS = YES;
				GCC_OPTIMIZATION_LEVEL = 0;
				GCC_PREPROCESSOR_DEFINITIONS = (
					"DEBUG=1",
					"$(inherited)",
				);
				GCC_SYMBOLS_PRIVATE_EXTERN = NO;
				GCC_WARN_64_TO_32_BIT_CONVERSION = YES;
				GCC_WARN_ABOUT_RETURN_TYPE = YES_ERROR;
				GCC_WARN_UNDECLARED_SELECTOR = YES;
				GCC_WARN_UNINITIALIZED_AUTOS = YES_AGGRESSIVE;
				GCC_WARN_UNUSED_FUNCTION = YES;
				GCC_WARN_UNUSED_VARIABLE = YES;
				IPHONEOS_DEPLOYMENT_TARGET = 8.3;
				MTL_ENABLE_DEBUG_INFO = YES;
				ONLY_ACTIVE_ARCH = YES;
				SDKROOT = iphoneos;
				SWIFT_OPTIMIZATION_LEVEL = "-Onone";
			};
			name = Debug;
		};
		38E00C531B3E9B8000B3245F /* Release */ = {
			isa = XCBuildConfiguration;
			buildSettings = {
				ALWAYS_SEARCH_USER_PATHS = NO;
				CLANG_CXX_LANGUAGE_STANDARD = "gnu++0x";
				CLANG_CXX_LIBRARY = "libc++";
				CLANG_ENABLE_MODULES = YES;
				CLANG_ENABLE_OBJC_ARC = YES;
				CLANG_WARN_BOOL_CONVERSION = YES;
				CLANG_WARN_CONSTANT_CONVERSION = YES;
				CLANG_WARN_DIRECT_OBJC_ISA_USAGE = YES_ERROR;
				CLANG_WARN_EMPTY_BODY = YES;
				CLANG_WARN_ENUM_CONVERSION = YES;
				CLANG_WARN_INT_CONVERSION = YES;
				CLANG_WARN_OBJC_ROOT_CLASS = YES_ERROR;
				CLANG_WARN_UNREACHABLE_CODE = YES;
				CLANG_WARN__DUPLICATE_METHOD_MATCH = YES;
				"CODE_SIGN_IDENTITY[sdk=iphoneos*]" = "iPhone Developer";
				COPY_PHASE_STRIP = NO;
				DEBUG_INFORMATION_FORMAT = "dwarf-with-dsym";
				ENABLE_NS_ASSERTIONS = NO;
				ENABLE_STRICT_OBJC_MSGSEND = YES;
				GCC_C_LANGUAGE_STANDARD = gnu99;
				GCC_NO_COMMON_BLOCKS = YES;
				GCC_WARN_64_TO_32_BIT_CONVERSION = YES;
				GCC_WARN_ABOUT_RETURN_TYPE = YES_ERROR;
				GCC_WARN_UNDECLARED_SELECTOR = YES;
				GCC_WARN_UNINITIALIZED_AUTOS = YES_AGGRESSIVE;
				GCC_WARN_UNUSED_FUNCTION = YES;
				GCC_WARN_UNUSED_VARIABLE = YES;
				IPHONEOS_DEPLOYMENT_TARGET = 8.3;
				MTL_ENABLE_DEBUG_INFO = NO;
				SDKROOT = iphoneos;
				VALIDATE_PRODUCT = YES;
			};
			name = Release;
		};
		38E00C551B3E9B8000B3245F /* Debug */ = {
			isa = XCBuildConfiguration;
			buildSettings = {
				ASSETCATALOG_COMPILER_APPICON_NAME = AppIcon;
				CLANG_ENABLE_MODULES = YES;
				INFOPLIST_FILE = MemeMe3/Info.plist;
				LD_RUNPATH_SEARCH_PATHS = "$(inherited) @executable_path/Frameworks";
				PRODUCT_NAME = "$(TARGET_NAME)";
				SWIFT_OPTIMIZATION_LEVEL = "-Onone";
			};
			name = Debug;
		};
		38E00C561B3E9B8000B3245F /* Release */ = {
			isa = XCBuildConfiguration;
			buildSettings = {
				ASSETCATALOG_COMPILER_APPICON_NAME = AppIcon;
				CLANG_ENABLE_MODULES = YES;
				INFOPLIST_FILE = MemeMe3/Info.plist;
				LD_RUNPATH_SEARCH_PATHS = "$(inherited) @executable_path/Frameworks";
				PRODUCT_NAME = "$(TARGET_NAME)";
			};
			name = Release;
		};
		38E00C581B3E9B8000B3245F /* Debug */ = {
			isa = XCBuildConfiguration;
			buildSettings = {
				BUNDLE_LOADER = "$(TEST_HOST)";
				FRAMEWORK_SEARCH_PATHS = (
					"$(SDKROOT)/Developer/Library/Frameworks",
					"$(inherited)",
				);
				GCC_PREPROCESSOR_DEFINITIONS = (
					"DEBUG=1",
					"$(inherited)",
				);
				INFOPLIST_FILE = MemeMe3Tests/Info.plist;
				LD_RUNPATH_SEARCH_PATHS = "$(inherited) @executable_path/Frameworks @loader_path/Frameworks";
				PRODUCT_NAME = "$(TARGET_NAME)";
				TEST_HOST = "$(BUILT_PRODUCTS_DIR)/MemeMe3.app/MemeMe3";
			};
			name = Debug;
		};
		38E00C591B3E9B8000B3245F /* Release */ = {
			isa = XCBuildConfiguration;
			buildSettings = {
				BUNDLE_LOADER = "$(TEST_HOST)";
				FRAMEWORK_SEARCH_PATHS = (
					"$(SDKROOT)/Developer/Library/Frameworks",
					"$(inherited)",
				);
				INFOPLIST_FILE = MemeMe3Tests/Info.plist;
				LD_RUNPATH_SEARCH_PATHS = "$(inherited) @executable_path/Frameworks @loader_path/Frameworks";
				PRODUCT_NAME = "$(TARGET_NAME)";
				TEST_HOST = "$(BUILT_PRODUCTS_DIR)/MemeMe3.app/MemeMe3";
			};
			name = Release;
		};
/* End XCBuildConfiguration section */

/* Begin XCConfigurationList section */
		38E00C301B3E9B8000B3245F /* Build configuration list for PBXProject "MemeMe3" */ = {
			isa = XCConfigurationList;
			buildConfigurations = (
				38E00C521B3E9B8000B3245F /* Debug */,
				38E00C531B3E9B8000B3245F /* Release */,
			);
			defaultConfigurationIsVisible = 0;
			defaultConfigurationName = Release;
		};
		38E00C541B3E9B8000B3245F /* Build configuration list for PBXNativeTarget "MemeMe3" */ = {
			isa = XCConfigurationList;
			buildConfigurations = (
				38E00C551B3E9B8000B3245F /* Debug */,
				38E00C561B3E9B8000B3245F /* Release */,
			);
			defaultConfigurationIsVisible = 0;
			defaultConfigurationName = Release;
		};
		38E00C571B3E9B8000B3245F /* Build configuration list for PBXNativeTarget "MemeMe3Tests" */ = {
			isa = XCConfigurationList;
			buildConfigurations = (
				38E00C581B3E9B8000B3245F /* Debug */,
				38E00C591B3E9B8000B3245F /* Release */,
			);
			defaultConfigurationIsVisible = 0;
			defaultConfigurationName = Release;
		};
/* End XCConfigurationList section */
	};
	rootObject = 38E00C2D1B3E9B8000B3245F /* Project object */;
}
